lockfileVersion: 5.4

specifiers:
  '@vitejs/plugin-vue': ^2.2.0
  axios: ^0.26.0
  dayjs: ^1.10.8
  less: 4.1.1
  mitt: ^3.0.0
  rollup-plugin-commonjs: ^10.1.0
  rollup-plugin-external-globals: ^0.6.1
  vite: ^2.8.0
  vue: ^3.2.25

dependencies:
  axios: registry.npmmirror.com/axios/0.26.1
  dayjs: registry.npmmirror.com/dayjs/1.11.5
  mitt: registry.npmmirror.com/mitt/3.0.0
  rollup-plugin-commonjs: registry.npmmirror.com/rollup-plugin-commonjs/10.1.0
  rollup-plugin-external-globals: registry.npmmirror.com/rollup-plugin-external-globals/0.6.1
  vue: registry.npmmirror.com/vue/3.2.40

devDependencies:
  '@vitejs/plugin-vue': registry.npmmirror.com/@vitejs/plugin-vue/2.3.4_vite@2.9.15+vue@3.2.40
  less: registry.npmmirror.com/less/4.1.1
  vite: registry.npmmirror.com/vite/2.9.15_less@4.1.1

packages:

  registry.npmmirror.com/@babel/helper-string-parser/7.18.10:
    resolution: {integrity: sha512-XtIfWmeNY3i4t7t4D2t02q50HvqHybPqW2ki1kosnvWCwuCMeo81Jf0gwr85jy/neUdg5XDdeFE/80DXiO+njw==, registry: https://packages.aliyun.com/5f03f1e999f4b36b178463a3/npm/npm-registry/, tarball: https://registry.npmmirror.com/@babel/helper-string-parser/-/helper-string-parser-7.18.10.tgz}
    name: '@babel/helper-string-parser'
    version: 7.18.10
    engines: {node: '>=6.9.0'}

  registry.npmmirror.com/@babel/helper-validator-identifier/7.19.1:
    resolution: {integrity: sha512-awrNfaMtnHUr653GgGEs++LlAvW6w+DcPrOliSMXWCKo597CwL5Acf/wWdNkf/tfEQE3mjkeD1YOVZOUV/od1w==, registry: https://packages.aliyun.com/5f03f1e999f4b36b178463a3/npm/npm-registry/, tarball: https://registry.npmmirror.com/@babel/helper-validator-identifier/-/helper-validator-identifier-7.19.1.tgz}
    name: '@babel/helper-validator-identifier'
    version: 7.19.1
    engines: {node: '>=6.9.0'}

  registry.npmmirror.com/@babel/parser/7.19.3:
    resolution: {integrity: sha512-pJ9xOlNWHiy9+FuFP09DEAFbAn4JskgRsVcc169w2xRBC3FRGuQEwjeIMMND9L2zc0iEhO/tGv4Zq+km+hxNpQ==, registry: https://packages.aliyun.com/5f03f1e999f4b36b178463a3/npm/npm-registry/, tarball: https://registry.npmmirror.com/@babel/parser/-/parser-7.19.3.tgz}
    name: '@babel/parser'
    version: 7.19.3
    engines: {node: '>=6.0.0'}
    hasBin: true
    dependencies:
      '@babel/types': registry.npmmirror.com/@babel/types/7.19.3

  registry.npmmirror.com/@babel/types/7.19.3:
    resolution: {integrity: sha512-hGCaQzIY22DJlDh9CH7NOxgKkFjBk0Cw9xDO1Xmh2151ti7wiGfQ3LauXzL4HP1fmFlTX6XjpRETTpUcv7wQLw==, registry: https://packages.aliyun.com/5f03f1e999f4b36b178463a3/npm/npm-registry/, tarball: https://registry.npmmirror.com/@babel/types/-/types-7.19.3.tgz}
    name: '@babel/types'
    version: 7.19.3
    engines: {node: '>=6.9.0'}
    dependencies:
      '@babel/helper-string-parser': registry.npmmirror.com/@babel/helper-string-parser/7.18.10
      '@babel/helper-validator-identifier': registry.npmmirror.com/@babel/helper-validator-identifier/7.19.1
      to-fast-properties: registry.npmmirror.com/to-fast-properties/2.0.0

  registry.npmmirror.com/@esbuild/linux-loong64/0.14.54:
    resolution: {integrity: sha512-bZBrLAIX1kpWelV0XemxBZllyRmM6vgFQQG2GdNb+r3Fkp0FOh1NJSvekXDs7jq70k4euu1cryLMfU+mTXlEpw==, registry: https://packages.aliyun.com/5f03f1e999f4b36b178463a3/npm/npm-registry/, tarball: https://registry.npmmirror.com/@esbuild/linux-loong64/-/linux-loong64-0.14.54.tgz}
    name: '@esbuild/linux-loong64'
    version: 0.14.54
    engines: {node: '>=12'}
    requiresBuild: true
    dev: true
    optional: true

  registry.npmmirror.com/@rollup/pluginutils/4.2.1:
    resolution: {integrity: sha512-iKnFXr7NkdZAIHiIWE+BX5ULi/ucVFYWD6TbAV+rZctiRTY2PL6tsIKhoIOaoskiWAkgu+VsbXgUVDNLHf+InQ==, registry: https://packages.aliyun.com/5f03f1e999f4b36b178463a3/npm/npm-registry/, tarball: https://registry.npmmirror.com/@rollup/pluginutils/-/pluginutils-4.2.1.tgz}
    name: '@rollup/pluginutils'
    version: 4.2.1
    engines: {node: '>= 8.0.0'}
    dependencies:
      estree-walker: registry.npmmirror.com/estree-walker/2.0.2
      picomatch: registry.npmmirror.com/picomatch/2.3.1
    dev: false

  registry.npmmirror.com/@types/estree/1.0.0:
    resolution: {integrity: sha512-WulqXMDUTYAXCjZnk6JtIHPigp55cVtDgDrO2gHRwhyJto21+1zbVCtOYB2L1F9w4qCQ0rOGWBnBe0FNTiEJIQ==, registry: https://packages.aliyun.com/5f03f1e999f4b36b178463a3/npm/npm-registry/, tarball: https://registry.npmmirror.com/@types/estree/-/estree-1.0.0.tgz}
    name: '@types/estree'
    version: 1.0.0
    dev: false

  registry.npmmirror.com/@vitejs/plugin-vue/2.3.4_vite@2.9.15+vue@3.2.40:
    resolution: {integrity: sha512-IfFNbtkbIm36O9KB8QodlwwYvTEsJb4Lll4c2IwB3VHc2gie2mSPtSzL0eYay7X2jd/2WX02FjSGTWR6OPr/zg==, registry: https://packages.aliyun.com/5f03f1e999f4b36b178463a3/npm/npm-registry/, tarball: https://registry.npmmirror.com/@vitejs/plugin-vue/-/plugin-vue-2.3.4.tgz}
    id: registry.npmmirror.com/@vitejs/plugin-vue/2.3.4
    name: '@vitejs/plugin-vue'
    version: 2.3.4
    engines: {node: '>=12.0.0'}
    peerDependencies:
      vite: ^2.5.10
      vue: ^3.2.25
    dependencies:
      vite: registry.npmmirror.com/vite/2.9.15_less@4.1.1
      vue: registry.npmmirror.com/vue/3.2.40
    dev: true

  registry.npmmirror.com/@vue/compiler-core/3.2.40:
    resolution: {integrity: sha512-2Dc3Stk0J/VyQ4OUr2yEC53kU28614lZS+bnrCbFSAIftBJ40g/2yQzf4mPBiFuqguMB7hyHaujdgZAQ67kZYA==, registry: https://packages.aliyun.com/5f03f1e999f4b36b178463a3/npm/npm-registry/, tarball: https://registry.npmmirror.com/@vue/compiler-core/-/compiler-core-3.2.40.tgz}
    name: '@vue/compiler-core'
    version: 3.2.40
    dependencies:
      '@babel/parser': registry.npmmirror.com/@babel/parser/7.19.3
      '@vue/shared': registry.npmmirror.com/@vue/shared/3.2.40
      estree-walker: registry.npmmirror.com/estree-walker/2.0.2
      source-map: registry.npmmirror.com/source-map/0.6.1

  registry.npmmirror.com/@vue/compiler-dom/3.2.40:
    resolution: {integrity: sha512-OZCNyYVC2LQJy4H7h0o28rtk+4v+HMQygRTpmibGoG9wZyomQiS5otU7qo3Wlq5UfHDw2RFwxb9BJgKjVpjrQw==, registry: https://packages.aliyun.com/5f03f1e999f4b36b178463a3/npm/npm-registry/, tarball: https://registry.npmmirror.com/@vue/compiler-dom/-/compiler-dom-3.2.40.tgz}
    name: '@vue/compiler-dom'
    version: 3.2.40
    dependencies:
      '@vue/compiler-core': registry.npmmirror.com/@vue/compiler-core/3.2.40
      '@vue/shared': registry.npmmirror.com/@vue/shared/3.2.40

  registry.npmmirror.com/@vue/compiler-sfc/3.2.40:
    resolution: {integrity: sha512-tzqwniIN1fu1PDHC3CpqY/dPCfN/RN1thpBC+g69kJcrl7mbGiHKNwbA6kJ3XKKy8R6JLKqcpVugqN4HkeBFFg==, registry: https://packages.aliyun.com/5f03f1e999f4b36b178463a3/npm/npm-registry/, tarball: https://registry.npmmirror.com/@vue/compiler-sfc/-/compiler-sfc-3.2.40.tgz}
    name: '@vue/compiler-sfc'
    version: 3.2.40
    dependencies:
      '@babel/parser': registry.npmmirror.com/@babel/parser/7.19.3
      '@vue/compiler-core': registry.npmmirror.com/@vue/compiler-core/3.2.40
      '@vue/compiler-dom': registry.npmmirror.com/@vue/compiler-dom/3.2.40
      '@vue/compiler-ssr': registry.npmmirror.com/@vue/compiler-ssr/3.2.40
      '@vue/reactivity-transform': registry.npmmirror.com/@vue/reactivity-transform/3.2.40
      '@vue/shared': registry.npmmirror.com/@vue/shared/3.2.40
      estree-walker: registry.npmmirror.com/estree-walker/2.0.2
      magic-string: registry.npmmirror.com/magic-string/0.25.9
      postcss: registry.npmmirror.com/postcss/8.4.17
      source-map: registry.npmmirror.com/source-map/0.6.1

  registry.npmmirror.com/@vue/compiler-ssr/3.2.40:
    resolution: {integrity: sha512-80cQcgasKjrPPuKcxwuCx7feq+wC6oFl5YaKSee9pV3DNq+6fmCVwEEC3vvkf/E2aI76rIJSOYHsWSEIxK74oQ==, registry: https://packages.aliyun.com/5f03f1e999f4b36b178463a3/npm/npm-registry/, tarball: https://registry.npmmirror.com/@vue/compiler-ssr/-/compiler-ssr-3.2.40.tgz}
    name: '@vue/compiler-ssr'
    version: 3.2.40
    dependencies:
      '@vue/compiler-dom': registry.npmmirror.com/@vue/compiler-dom/3.2.40
      '@vue/shared': registry.npmmirror.com/@vue/shared/3.2.40

  registry.npmmirror.com/@vue/reactivity-transform/3.2.40:
    resolution: {integrity: sha512-HQUCVwEaacq6fGEsg2NUuGKIhUveMCjOk8jGHqLXPI2w6zFoPrlQhwWEaINTv5kkZDXKEnCijAp+4gNEHG03yw==, registry: https://packages.aliyun.com/5f03f1e999f4b36b178463a3/npm/npm-registry/, tarball: https://registry.npmmirror.com/@vue/reactivity-transform/-/reactivity-transform-3.2.40.tgz}
    name: '@vue/reactivity-transform'
    version: 3.2.40
    dependencies:
      '@babel/parser': registry.npmmirror.com/@babel/parser/7.19.3
      '@vue/compiler-core': registry.npmmirror.com/@vue/compiler-core/3.2.40
      '@vue/shared': registry.npmmirror.com/@vue/shared/3.2.40
      estree-walker: registry.npmmirror.com/estree-walker/2.0.2
      magic-string: registry.npmmirror.com/magic-string/0.25.9

  registry.npmmirror.com/@vue/reactivity/3.2.40:
    resolution: {integrity: sha512-N9qgGLlZmtUBMHF9xDT4EkD9RdXde1Xbveb+niWMXuHVWQP5BzgRmE3SFyUBBcyayG4y1lhoz+lphGRRxxK4RA==, registry: https://packages.aliyun.com/5f03f1e999f4b36b178463a3/npm/npm-registry/, tarball: https://registry.npmmirror.com/@vue/reactivity/-/reactivity-3.2.40.tgz}
    name: '@vue/reactivity'
    version: 3.2.40
    dependencies:
      '@vue/shared': registry.npmmirror.com/@vue/shared/3.2.40

  registry.npmmirror.com/@vue/runtime-core/3.2.40:
    resolution: {integrity: sha512-U1+rWf0H8xK8aBUZhnrN97yoZfHbjgw/bGUzfgKPJl69/mXDuSg8CbdBYBn6VVQdR947vWneQBFzdhasyzMUKg==, registry: https://packages.aliyun.com/5f03f1e999f4b36b178463a3/npm/npm-registry/, tarball: https://registry.npmmirror.com/@vue/runtime-core/-/runtime-core-3.2.40.tgz}
    name: '@vue/runtime-core'
    version: 3.2.40
    dependencies:
      '@vue/reactivity': registry.npmmirror.com/@vue/reactivity/3.2.40
      '@vue/shared': registry.npmmirror.com/@vue/shared/3.2.40

  registry.npmmirror.com/@vue/runtime-dom/3.2.40:
    resolution: {integrity: sha512-AO2HMQ+0s2+MCec8hXAhxMgWhFhOPJ/CyRXnmTJ6XIOnJFLrH5Iq3TNwvVcODGR295jy77I6dWPj+wvFoSYaww==, registry: https://packages.aliyun.com/5f03f1e999f4b36b178463a3/npm/npm-registry/, tarball: https://registry.npmmirror.com/@vue/runtime-dom/-/runtime-dom-3.2.40.tgz}
    name: '@vue/runtime-dom'
    version: 3.2.40
    dependencies:
      '@vue/runtime-core': registry.npmmirror.com/@vue/runtime-core/3.2.40
      '@vue/shared': registry.npmmirror.com/@vue/shared/3.2.40
      csstype: registry.npmmirror.com/csstype/2.6.21

  registry.npmmirror.com/@vue/server-renderer/3.2.40_vue@3.2.40:
    resolution: {integrity: sha512-gtUcpRwrXOJPJ4qyBpU3EyxQa4EkV8I4f8VrDePcGCPe4O/hd0BPS7v9OgjIQob6Ap8VDz9G+mGTKazE45/95w==, registry: https://packages.aliyun.com/5f03f1e999f4b36b178463a3/npm/npm-registry/, tarball: https://registry.npmmirror.com/@vue/server-renderer/-/server-renderer-3.2.40.tgz}
    id: registry.npmmirror.com/@vue/server-renderer/3.2.40
    name: '@vue/server-renderer'
    version: 3.2.40
    peerDependencies:
      vue: 3.2.40
    dependencies:
      '@vue/compiler-ssr': registry.npmmirror.com/@vue/compiler-ssr/3.2.40
      '@vue/shared': registry.npmmirror.com/@vue/shared/3.2.40
      vue: registry.npmmirror.com/vue/3.2.40

  registry.npmmirror.com/@vue/shared/3.2.40:
    resolution: {integrity: sha512-0PLQ6RUtZM0vO3teRfzGi4ltLUO5aO+kLgwh4Um3THSR03rpQWLTuRCkuO5A41ITzwdWeKdPHtSARuPkoo5pCQ==, registry: https://packages.aliyun.com/5f03f1e999f4b36b178463a3/npm/npm-registry/, tarball: https://registry.npmmirror.com/@vue/shared/-/shared-3.2.40.tgz}
    name: '@vue/shared'
    version: 3.2.40

  registry.npmmirror.com/axios/0.26.1:
    resolution: {integrity: sha512-fPwcX4EvnSHuInCMItEhAGnaSEXRBjtzh9fOtsE6E1G6p7vl7edEeZe11QHf18+6+9gR5PbKV/sGKNaD8YaMeA==, registry: https://packages.aliyun.com/5f03f1e999f4b36b178463a3/npm/npm-registry/, tarball: https://registry.npmmirror.com/axios/-/axios-0.26.1.tgz}
    name: axios
    version: 0.26.1
    dependencies:
      follow-redirects: registry.npmmirror.com/follow-redirects/1.15.2
    transitivePeerDependencies:
      - debug
    dev: false

  registry.npmmirror.com/copy-anything/2.0.6:
    resolution: {integrity: sha512-1j20GZTsvKNkc4BY3NpMOM8tt///wY3FpIzozTOFO2ffuZcV61nojHXVKIy3WM+7ADCy5FVhdZYHYDdgTU0yJw==, registry: https://packages.aliyun.com/5f03f1e999f4b36b178463a3/npm/npm-registry/, tarball: https://registry.npmmirror.com/copy-anything/-/copy-anything-2.0.6.tgz}
    name: copy-anything
    version: 2.0.6
    dependencies:
      is-what: registry.npmmirror.com/is-what/3.14.1
    dev: true

  registry.npmmirror.com/csstype/2.6.21:
    resolution: {integrity: sha512-Z1PhmomIfypOpoMjRQB70jfvy/wxT50qW08YXO5lMIJkrdq4yOTR+AW7FqutScmB9NkLwxo+jU+kZLbofZZq/w==, registry: https://packages.aliyun.com/5f03f1e999f4b36b178463a3/npm/npm-registry/, tarball: https://registry.npmmirror.com/csstype/-/csstype-2.6.21.tgz}
    name: csstype
    version: 2.6.21

  registry.npmmirror.com/dayjs/1.11.5:
    resolution: {integrity: sha512-CAdX5Q3YW3Gclyo5Vpqkgpj8fSdLQcRuzfX6mC6Phy0nfJ0eGYOeS7m4mt2plDWLAtA4TqTakvbboHvUxfe4iA==, registry: https://packages.aliyun.com/5f03f1e999f4b36b178463a3/npm/npm-registry/, tarball: https://registry.npmmirror.com/dayjs/-/dayjs-1.11.5.tgz}
    name: dayjs
    version: 1.11.5
    dev: false

  registry.npmmirror.com/debug/3.2.7:
    resolution: {integrity: sha512-CFjzYYAi4ThfiQvizrFQevTTXHtnCqWfe7x1AhgEscTz6ZbLbfoLRLPugTQyBth6f8ZERVUSyWHFD/7Wu4t1XQ==, registry: https://packages.aliyun.com/5f03f1e999f4b36b178463a3/npm/npm-registry/, tarball: https://registry.npmmirror.com/debug/-/debug-3.2.7.tgz}
    name: debug
    version: 3.2.7
    peerDependencies:
      supports-color: '*'
    peerDependenciesMeta:
      supports-color:
        optional: true
    dependencies:
      ms: registry.npmmirror.com/ms/2.1.3
    dev: true
    optional: true

  registry.npmmirror.com/errno/0.1.8:
    resolution: {integrity: sha512-dJ6oBr5SQ1VSd9qkk7ByRgb/1SH4JZjCHSW/mr63/QcXO9zLVxvJ6Oy13nio03rxpSnVDDjFor75SjVeZWPW/A==, registry: https://packages.aliyun.com/5f03f1e999f4b36b178463a3/npm/npm-registry/, tarball: https://registry.npmmirror.com/errno/-/errno-0.1.8.tgz}
    name: errno
    version: 0.1.8
    hasBin: true
    requiresBuild: true
    dependencies:
      prr: registry.npmmirror.com/prr/1.0.1
    dev: true
    optional: true

  registry.npmmirror.com/esbuild-android-64/0.14.54:
    resolution: {integrity: sha512-Tz2++Aqqz0rJ7kYBfz+iqyE3QMycD4vk7LBRyWaAVFgFtQ/O8EJOnVmTOiDWYZ/uYzB4kvP+bqejYdVKzE5lAQ==, registry: https://packages.aliyun.com/5f03f1e999f4b36b178463a3/npm/npm-registry/, tarball: https://registry.npmmirror.com/esbuild-android-64/-/esbuild-android-64-0.14.54.tgz}
    name: esbuild-android-64
    version: 0.14.54
    engines: {node: '>=12'}
    requiresBuild: true
    dev: true
    optional: true

  registry.npmmirror.com/esbuild-android-arm64/0.14.54:
    resolution: {integrity: sha512-F9E+/QDi9sSkLaClO8SOV6etqPd+5DgJje1F9lOWoNncDdOBL2YF59IhsWATSt0TLZbYCf3pNlTHvVV5VfHdvg==, registry: https://packages.aliyun.com/5f03f1e999f4b36b178463a3/npm/npm-registry/, tarball: https://registry.npmmirror.com/esbuild-android-arm64/-/esbuild-android-arm64-0.14.54.tgz}
    name: esbuild-android-arm64
    version: 0.14.54
    engines: {node: '>=12'}
    requiresBuild: true
    dev: true
    optional: true

  registry.npmmirror.com/esbuild-darwin-64/0.14.54:
    resolution: {integrity: sha512-jtdKWV3nBviOd5v4hOpkVmpxsBy90CGzebpbO9beiqUYVMBtSc0AL9zGftFuBon7PNDcdvNCEuQqw2x0wP9yug==, registry: https://packages.aliyun.com/5f03f1e999f4b36b178463a3/npm/npm-registry/, tarball: https://registry.npmmirror.com/esbuild-darwin-64/-/esbuild-darwin-64-0.14.54.tgz}
    name: esbuild-darwin-64
    version: 0.14.54
    engines: {node: '>=12'}
    requiresBuild: true
    dev: true
    optional: true

  registry.npmmirror.com/esbuild-darwin-arm64/0.14.54:
    resolution: {integrity: sha512-OPafJHD2oUPyvJMrsCvDGkRrVCar5aVyHfWGQzY1dWnzErjrDuSETxwA2HSsyg2jORLY8yBfzc1MIpUkXlctmw==, registry: https://packages.aliyun.com/5f03f1e999f4b36b178463a3/npm/npm-registry/, tarball: https://registry.npmmirror.com/esbuild-darwin-arm64/-/esbuild-darwin-arm64-0.14.54.tgz}
    name: esbuild-darwin-arm64
    version: 0.14.54
    engines: {node: '>=12'}
    requiresBuild: true
    dev: true
    optional: true

  registry.npmmirror.com/esbuild-freebsd-64/0.14.54:
    resolution: {integrity: sha512-OKwd4gmwHqOTp4mOGZKe/XUlbDJ4Q9TjX0hMPIDBUWWu/kwhBAudJdBoxnjNf9ocIB6GN6CPowYpR/hRCbSYAg==, registry: https://packages.aliyun.com/5f03f1e999f4b36b178463a3/npm/npm-registry/, tarball: https://registry.npmmirror.com/esbuild-freebsd-64/-/esbuild-freebsd-64-0.14.54.tgz}
    name: esbuild-freebsd-64
    version: 0.14.54
    engines: {node: '>=12'}
    requiresBuild: true
    dev: true
    optional: true

  registry.npmmirror.com/esbuild-freebsd-arm64/0.14.54:
    resolution: {integrity: sha512-sFwueGr7OvIFiQT6WeG0jRLjkjdqWWSrfbVwZp8iMP+8UHEHRBvlaxL6IuKNDwAozNUmbb8nIMXa7oAOARGs1Q==, registry: https://packages.aliyun.com/5f03f1e999f4b36b178463a3/npm/npm-registry/, tarball: https://registry.npmmirror.com/esbuild-freebsd-arm64/-/esbuild-freebsd-arm64-0.14.54.tgz}
    name: esbuild-freebsd-arm64
    version: 0.14.54
    engines: {node: '>=12'}
    requiresBuild: true
    dev: true
    optional: true

  registry.npmmirror.com/esbuild-linux-32/0.14.54:
    resolution: {integrity: sha512-1ZuY+JDI//WmklKlBgJnglpUL1owm2OX+8E1syCD6UAxcMM/XoWd76OHSjl/0MR0LisSAXDqgjT3uJqT67O3qw==, registry: https://packages.aliyun.com/5f03f1e999f4b36b178463a3/npm/npm-registry/, tarball: https://registry.npmmirror.com/esbuild-linux-32/-/esbuild-linux-32-0.14.54.tgz}
    name: esbuild-linux-32
    version: 0.14.54
    engines: {node: '>=12'}
    requiresBuild: true
    dev: true
    optional: true

  registry.npmmirror.com/esbuild-linux-64/0.14.54:
    resolution: {integrity: sha512-EgjAgH5HwTbtNsTqQOXWApBaPVdDn7XcK+/PtJwZLT1UmpLoznPd8c5CxqsH2dQK3j05YsB3L17T8vE7cp4cCg==, registry: https://packages.aliyun.com/5f03f1e999f4b36b178463a3/npm/npm-registry/, tarball: https://registry.npmmirror.com/esbuild-linux-64/-/esbuild-linux-64-0.14.54.tgz}
    name: esbuild-linux-64
    version: 0.14.54
    engines: {node: '>=12'}
    requiresBuild: true
    dev: true
    optional: true

  registry.npmmirror.com/esbuild-linux-arm/0.14.54:
    resolution: {integrity: sha512-qqz/SjemQhVMTnvcLGoLOdFpCYbz4v4fUo+TfsWG+1aOu70/80RV6bgNpR2JCrppV2moUQkww+6bWxXRL9YMGw==, registry: https://packages.aliyun.com/5f03f1e999f4b36b178463a3/npm/npm-registry/, tarball: https://registry.npmmirror.com/esbuild-linux-arm/-/esbuild-linux-arm-0.14.54.tgz}
    name: esbuild-linux-arm
    version: 0.14.54
    engines: {node: '>=12'}
    requiresBuild: true
    dev: true
    optional: true

  registry.npmmirror.com/esbuild-linux-arm64/0.14.54:
    resolution: {integrity: sha512-WL71L+0Rwv+Gv/HTmxTEmpv0UgmxYa5ftZILVi2QmZBgX3q7+tDeOQNqGtdXSdsL8TQi1vIaVFHUPDe0O0kdig==, registry: https://packages.aliyun.com/5f03f1e999f4b36b178463a3/npm/npm-registry/, tarball: https://registry.npmmirror.com/esbuild-linux-arm64/-/esbuild-linux-arm64-0.14.54.tgz}
    name: esbuild-linux-arm64
    version: 0.14.54
    engines: {node: '>=12'}
    requiresBuild: true
    dev: true
    optional: true

  registry.npmmirror.com/esbuild-linux-mips64le/0.14.54:
    resolution: {integrity: sha512-qTHGQB8D1etd0u1+sB6p0ikLKRVuCWhYQhAHRPkO+OF3I/iSlTKNNS0Lh2Oc0g0UFGguaFZZiPJdJey3AGpAlw==, registry: https://packages.aliyun.com/5f03f1e999f4b36b178463a3/npm/npm-registry/, tarball: https://registry.npmmirror.com/esbuild-linux-mips64le/-/esbuild-linux-mips64le-0.14.54.tgz}
    name: esbuild-linux-mips64le
    version: 0.14.54
    engines: {node: '>=12'}
    requiresBuild: true
    dev: true
    optional: true

  registry.npmmirror.com/esbuild-linux-ppc64le/0.14.54:
    resolution: {integrity: sha512-j3OMlzHiqwZBDPRCDFKcx595XVfOfOnv68Ax3U4UKZ3MTYQB5Yz3X1mn5GnodEVYzhtZgxEBidLWeIs8FDSfrQ==, registry: https://packages.aliyun.com/5f03f1e999f4b36b178463a3/npm/npm-registry/, tarball: https://registry.npmmirror.com/esbuild-linux-ppc64le/-/esbuild-linux-ppc64le-0.14.54.tgz}
    name: esbuild-linux-ppc64le
    version: 0.14.54
    engines: {node: '>=12'}
    requiresBuild: true
    dev: true
    optional: true

  registry.npmmirror.com/esbuild-linux-riscv64/0.14.54:
    resolution: {integrity: sha512-y7Vt7Wl9dkOGZjxQZnDAqqn+XOqFD7IMWiewY5SPlNlzMX39ocPQlOaoxvT4FllA5viyV26/QzHtvTjVNOxHZg==, registry: https://packages.aliyun.com/5f03f1e999f4b36b178463a3/npm/npm-registry/, tarball: https://registry.npmmirror.com/esbuild-linux-riscv64/-/esbuild-linux-riscv64-0.14.54.tgz}
    name: esbuild-linux-riscv64
    version: 0.14.54
    engines: {node: '>=12'}
    requiresBuild: true
    dev: true
    optional: true

  registry.npmmirror.com/esbuild-linux-s390x/0.14.54:
    resolution: {integrity: sha512-zaHpW9dziAsi7lRcyV4r8dhfG1qBidQWUXweUjnw+lliChJqQr+6XD71K41oEIC3Mx1KStovEmlzm+MkGZHnHA==, registry: https://packages.aliyun.com/5f03f1e999f4b36b178463a3/npm/npm-registry/, tarball: https://registry.npmmirror.com/esbuild-linux-s390x/-/esbuild-linux-s390x-0.14.54.tgz}
    name: esbuild-linux-s390x
    version: 0.14.54
    engines: {node: '>=12'}
    requiresBuild: true
    dev: true
    optional: true

  registry.npmmirror.com/esbuild-netbsd-64/0.14.54:
    resolution: {integrity: sha512-PR01lmIMnfJTgeU9VJTDY9ZerDWVFIUzAtJuDHwwceppW7cQWjBBqP48NdeRtoP04/AtO9a7w3viI+PIDr6d+w==, registry: https://packages.aliyun.com/5f03f1e999f4b36b178463a3/npm/npm-registry/, tarball: https://registry.npmmirror.com/esbuild-netbsd-64/-/esbuild-netbsd-64-0.14.54.tgz}
    name: esbuild-netbsd-64
    version: 0.14.54
    engines: {node: '>=12'}
    requiresBuild: true
    dev: true
    optional: true

  registry.npmmirror.com/esbuild-openbsd-64/0.14.54:
    resolution: {integrity: sha512-Qyk7ikT2o7Wu76UsvvDS5q0amJvmRzDyVlL0qf5VLsLchjCa1+IAvd8kTBgUxD7VBUUVgItLkk609ZHUc1oCaw==, registry: https://packages.aliyun.com/5f03f1e999f4b36b178463a3/npm/npm-registry/, tarball: https://registry.npmmirror.com/esbuild-openbsd-64/-/esbuild-openbsd-64-0.14.54.tgz}
    name: esbuild-openbsd-64
    version: 0.14.54
    engines: {node: '>=12'}
    requiresBuild: true
    dev: true
    optional: true

  registry.npmmirror.com/esbuild-sunos-64/0.14.54:
    resolution: {integrity: sha512-28GZ24KmMSeKi5ueWzMcco6EBHStL3B6ubM7M51RmPwXQGLe0teBGJocmWhgwccA1GeFXqxzILIxXpHbl9Q/Kw==, registry: https://packages.aliyun.com/5f03f1e999f4b36b178463a3/npm/npm-registry/, tarball: https://registry.npmmirror.com/esbuild-sunos-64/-/esbuild-sunos-64-0.14.54.tgz}
    name: esbuild-sunos-64
    version: 0.14.54
    engines: {node: '>=12'}
    requiresBuild: true
    dev: true
    optional: true

  registry.npmmirror.com/esbuild-windows-32/0.14.54:
    resolution: {integrity: sha512-T+rdZW19ql9MjS7pixmZYVObd9G7kcaZo+sETqNH4RCkuuYSuv9AGHUVnPoP9hhuE1WM1ZimHz1CIBHBboLU7w==, registry: https://packages.aliyun.com/5f03f1e999f4b36b178463a3/npm/npm-registry/, tarball: https://registry.npmmirror.com/esbuild-windows-32/-/esbuild-windows-32-0.14.54.tgz}
    name: esbuild-windows-32
    version: 0.14.54
    engines: {node: '>=12'}
    requiresBuild: true
    dev: true
    optional: true

  registry.npmmirror.com/esbuild-windows-64/0.14.54:
    resolution: {integrity: sha512-AoHTRBUuYwXtZhjXZbA1pGfTo8cJo3vZIcWGLiUcTNgHpJJMC1rVA44ZereBHMJtotyN71S8Qw0npiCIkW96cQ==, registry: https://packages.aliyun.com/5f03f1e999f4b36b178463a3/npm/npm-registry/, tarball: https://registry.npmmirror.com/esbuild-windows-64/-/esbuild-windows-64-0.14.54.tgz}
    name: esbuild-windows-64
    version: 0.14.54
    engines: {node: '>=12'}
    requiresBuild: true
    dev: true
    optional: true

  registry.npmmirror.com/esbuild-windows-arm64/0.14.54:
    resolution: {integrity: sha512-M0kuUvXhot1zOISQGXwWn6YtS+Y/1RT9WrVIOywZnJHo3jCDyewAc79aKNQWFCQm+xNHVTq9h8dZKvygoXQQRg==, registry: https://packages.aliyun.com/5f03f1e999f4b36b178463a3/npm/npm-registry/, tarball: https://registry.npmmirror.com/esbuild-windows-arm64/-/esbuild-windows-arm64-0.14.54.tgz}
    name: esbuild-windows-arm64
    version: 0.14.54
    engines: {node: '>=12'}
    requiresBuild: true
    dev: true
    optional: true

  registry.npmmirror.com/esbuild/0.14.54:
    resolution: {integrity: sha512-Cy9llcy8DvET5uznocPyqL3BFRrFXSVqbgpMJ9Wz8oVjZlh/zUSNbPRbov0VX7VxN2JH1Oa0uNxZ7eLRb62pJA==, registry: https://packages.aliyun.com/5f03f1e999f4b36b178463a3/npm/npm-registry/, tarball: https://registry.npmmirror.com/esbuild/-/esbuild-0.14.54.tgz}
    name: esbuild
    version: 0.14.54
    engines: {node: '>=12'}
    hasBin: true
    requiresBuild: true
    optionalDependencies:
      '@esbuild/linux-loong64': registry.npmmirror.com/@esbuild/linux-loong64/0.14.54
      esbuild-android-64: registry.npmmirror.com/esbuild-android-64/0.14.54
      esbuild-android-arm64: registry.npmmirror.com/esbuild-android-arm64/0.14.54
      esbuild-darwin-64: registry.npmmirror.com/esbuild-darwin-64/0.14.54
      esbuild-darwin-arm64: registry.npmmirror.com/esbuild-darwin-arm64/0.14.54
      esbuild-freebsd-64: registry.npmmirror.com/esbuild-freebsd-64/0.14.54
      esbuild-freebsd-arm64: registry.npmmirror.com/esbuild-freebsd-arm64/0.14.54
      esbuild-linux-32: registry.npmmirror.com/esbuild-linux-32/0.14.54
      esbuild-linux-64: registry.npmmirror.com/esbuild-linux-64/0.14.54
      esbuild-linux-arm: registry.npmmirror.com/esbuild-linux-arm/0.14.54
      esbuild-linux-arm64: registry.npmmirror.com/esbuild-linux-arm64/0.14.54
      esbuild-linux-mips64le: registry.npmmirror.com/esbuild-linux-mips64le/0.14.54
      esbuild-linux-ppc64le: registry.npmmirror.com/esbuild-linux-ppc64le/0.14.54
      esbuild-linux-riscv64: registry.npmmirror.com/esbuild-linux-riscv64/0.14.54
      esbuild-linux-s390x: registry.npmmirror.com/esbuild-linux-s390x/0.14.54
      esbuild-netbsd-64: registry.npmmirror.com/esbuild-netbsd-64/0.14.54
      esbuild-openbsd-64: registry.npmmirror.com/esbuild-openbsd-64/0.14.54
      esbuild-sunos-64: registry.npmmirror.com/esbuild-sunos-64/0.14.54
      esbuild-windows-32: registry.npmmirror.com/esbuild-windows-32/0.14.54
      esbuild-windows-64: registry.npmmirror.com/esbuild-windows-64/0.14.54
      esbuild-windows-arm64: registry.npmmirror.com/esbuild-windows-arm64/0.14.54
    dev: true

  registry.npmmirror.com/estree-walker/0.6.1:
    resolution: {integrity: sha512-SqmZANLWS0mnatqbSfRP5g8OXZC12Fgg1IwNtLsyHDzJizORW4khDfjPqJZsemPWBB2uqykUah5YpQ6epsqC/w==, registry: https://packages.aliyun.com/5f03f1e999f4b36b178463a3/npm/npm-registry/, tarball: https://registry.npmmirror.com/estree-walker/-/estree-walker-0.6.1.tgz}
    name: estree-walker
    version: 0.6.1
    dev: false

  registry.npmmirror.com/estree-walker/2.0.2:
    resolution: {integrity: sha512-Rfkk/Mp/DL7JVje3u18FxFujQlTNR2q6QfMSMB7AvCBx91NGj/ba3kCfza0f6dVDbw7YlRf/nDrn7pQrCCyQ/w==, registry: https://packages.aliyun.com/5f03f1e999f4b36b178463a3/npm/npm-registry/, tarball: https://registry.npmmirror.com/estree-walker/-/estree-walker-2.0.2.tgz}
    name: estree-walker
    version: 2.0.2

  registry.npmmirror.com/follow-redirects/1.15.2:
    resolution: {integrity: sha512-VQLG33o04KaQ8uYi2tVNbdrWp1QWxNNea+nmIB4EVM28v0hmP17z7aG1+wAkNzVq4KeXTq3221ye5qTJP91JwA==, registry: https://packages.aliyun.com/5f03f1e999f4b36b178463a3/npm/npm-registry/, tarball: https://registry.npmmirror.com/follow-redirects/-/follow-redirects-1.15.2.tgz}
    name: follow-redirects
    version: 1.15.2
    engines: {node: '>=4.0'}
    peerDependencies:
      debug: '*'
    peerDependenciesMeta:
      debug:
        optional: true
    dev: false

  registry.npmmirror.com/fsevents/2.3.2:
    resolution: {integrity: sha512-xiqMQR4xAeHTuB9uWm+fFRcIOgKBMiOBP+eXiyT7jsgVCq1bkVygt00oASowB7EdtpOHaaPgKt812P9ab+DDKA==, registry: https://packages.aliyun.com/5f03f1e999f4b36b178463a3/npm/npm-registry/, tarball: https://registry.npmmirror.com/fsevents/-/fsevents-2.3.2.tgz}
    name: fsevents
    version: 2.3.2
    engines: {node: ^8.16.0 || ^10.6.0 || >=11.0.0}
    requiresBuild: true
    dev: true
    optional: true

  registry.npmmirror.com/function-bind/1.1.1:
    resolution: {integrity: sha512-yIovAzMX49sF8Yl58fSCWJ5svSLuaibPxXQJFLmBObTuCr0Mf1KiPopGM9NiFjiYBCbfaa2Fh6breQ6ANVTI0A==, registry: https://packages.aliyun.com/5f03f1e999f4b36b178463a3/npm/npm-registry/, tarball: https://registry.npmmirror.com/function-bind/-/function-bind-1.1.1.tgz}
    name: function-bind
    version: 1.1.1

  registry.npmmirror.com/graceful-fs/4.2.10:
    resolution: {integrity: sha512-9ByhssR2fPVsNZj478qUUbKfmL0+t5BDVyjShtyZZLiK7ZDAArFFfopyOTj0M05wE2tJPisA4iTnnXl2YoPvOA==, registry: https://packages.aliyun.com/5f03f1e999f4b36b178463a3/npm/npm-registry/, tarball: https://registry.npmmirror.com/graceful-fs/-/graceful-fs-4.2.10.tgz}
    name: graceful-fs
    version: 4.2.10
    requiresBuild: true
    dev: true
    optional: true

  registry.npmmirror.com/has/1.0.3:
    resolution: {integrity: sha512-f2dvO0VU6Oej7RkWJGrehjbzMAjFp5/VKPp5tTpWIV4JHHZK1/BxbFRtf/siA2SWTe09caDmVtYYzWEIbBS4zw==, registry: https://packages.aliyun.com/5f03f1e999f4b36b178463a3/npm/npm-registry/, tarball: https://registry.npmmirror.com/has/-/has-1.0.3.tgz}
    name: has
    version: 1.0.3
    engines: {node: '>= 0.4.0'}
    dependencies:
      function-bind: registry.npmmirror.com/function-bind/1.1.1

  registry.npmmirror.com/iconv-lite/0.4.24:
    resolution: {integrity: sha512-v3MXnZAcvnywkTUEZomIActle7RXXeedOR31wwl7VlyoXO4Qi9arvSenNQWne1TcRwhCL1HwLI21bEqdpj8/rA==, registry: https://packages.aliyun.com/5f03f1e999f4b36b178463a3/npm/npm-registry/, tarball: https://registry.npmmirror.com/iconv-lite/-/iconv-lite-0.4.24.tgz}
    name: iconv-lite
    version: 0.4.24
    engines: {node: '>=0.10.0'}
    dependencies:
      safer-buffer: registry.npmmirror.com/safer-buffer/2.1.2
    dev: true
    optional: true

  registry.npmmirror.com/image-size/0.5.5:
    resolution: {integrity: sha512-6TDAlDPZxUFCv+fuOkIoXT/V/f3Qbq8e37p+YOiYrUv3v9cc3/6x78VdfPgFVaB9dZYeLUfKgHRebpkm/oP2VQ==, registry: https://packages.aliyun.com/5f03f1e999f4b36b178463a3/npm/npm-registry/, tarball: https://registry.npmmirror.com/image-size/-/image-size-0.5.5.tgz}
    name: image-size
    version: 0.5.5
    engines: {node: '>=0.10.0'}
    hasBin: true
    requiresBuild: true
    dev: true
    optional: true

  registry.npmmirror.com/is-core-module/2.10.0:
    resolution: {integrity: sha512-Erxj2n/LDAZ7H8WNJXd9tw38GYM3dv8rk8Zcs+jJuxYTW7sozH+SS8NtrSjVL1/vpLvWi1hxy96IzjJ3EHTJJg==, registry: https://packages.aliyun.com/5f03f1e999f4b36b178463a3/npm/npm-registry/, tarball: https://registry.npmmirror.com/is-core-module/-/is-core-module-2.10.0.tgz}
    name: is-core-module
    version: 2.10.0
    dependencies:
      has: registry.npmmirror.com/has/1.0.3

  registry.npmmirror.com/is-reference/1.2.1:
    resolution: {integrity: sha512-U82MsXXiFIrjCK4otLT+o2NA2Cd2g5MLoOVXUZjIOhLurrRxpEXzI8O0KZHr3IjLvlAH1kTPYSuqer5T9ZVBKQ==, registry: https://packages.aliyun.com/5f03f1e999f4b36b178463a3/npm/npm-registry/, tarball: https://registry.npmmirror.com/is-reference/-/is-reference-1.2.1.tgz}
    name: is-reference
    version: 1.2.1
    dependencies:
      '@types/estree': registry.npmmirror.com/@types/estree/1.0.0
    dev: false

  registry.npmmirror.com/is-what/3.14.1:
    resolution: {integrity: sha512-sNxgpk9793nzSs7bA6JQJGeIuRBQhAaNGG77kzYQgMkrID+lS6SlK07K5LaptscDlSaIgH+GPFzf+d75FVxozA==, registry: https://packages.aliyun.com/5f03f1e999f4b36b178463a3/npm/npm-registry/, tarball: https://registry.npmmirror.com/is-what/-/is-what-3.14.1.tgz}
    name: is-what
    version: 3.14.1
    dev: true

  registry.npmmirror.com/less/4.1.1:
    resolution: {integrity: sha512-w09o8tZFPThBscl5d0Ggp3RcrKIouBoQscnOMgFH3n5V3kN/CXGHNfCkRPtxJk6nKryDXaV9aHLK55RXuH4sAw==, registry: https://packages.aliyun.com/5f03f1e999f4b36b178463a3/npm/npm-registry/, tarball: https://registry.npmmirror.com/less/-/less-4.1.1.tgz}
    name: less
    version: 4.1.1
    engines: {node: '>=6'}
    hasBin: true
    dependencies:
      copy-anything: registry.npmmirror.com/copy-anything/2.0.6
      parse-node-version: registry.npmmirror.com/parse-node-version/1.0.1
      tslib: registry.npmmirror.com/tslib/1.14.1
    optionalDependencies:
      errno: registry.npmmirror.com/errno/0.1.8
      graceful-fs: registry.npmmirror.com/graceful-fs/4.2.10
      image-size: registry.npmmirror.com/image-size/0.5.5
      make-dir: registry.npmmirror.com/make-dir/2.1.0
      mime: registry.npmmirror.com/mime/1.6.0
      needle: registry.npmmirror.com/needle/2.9.1
      source-map: registry.npmmirror.com/source-map/0.6.1
    transitivePeerDependencies:
      - supports-color
    dev: true

  registry.npmmirror.com/magic-string/0.25.9:
    resolution: {integrity: sha512-RmF0AsMzgt25qzqqLc1+MbHmhdx0ojF2Fvs4XnOqz2ZOBXzzkEwc/dJQZCYHAn7v1jbVOjAZfK8msRn4BxO4VQ==, registry: https://packages.aliyun.com/5f03f1e999f4b36b178463a3/npm/npm-registry/, tarball: https://registry.npmmirror.com/magic-string/-/magic-string-0.25.9.tgz}
    name: magic-string
    version: 0.25.9
    dependencies:
      sourcemap-codec: registry.npmmirror.com/sourcemap-codec/1.4.8

  registry.npmmirror.com/make-dir/2.1.0:
    resolution: {integrity: sha512-LS9X+dc8KLxXCb8dni79fLIIUA5VyZoyjSMCwTluaXA0o27cCK0bhXkpgw+sTXVpPy/lSO57ilRixqk0vDmtRA==, registry: https://packages.aliyun.com/5f03f1e999f4b36b178463a3/npm/npm-registry/, tarball: https://registry.npmmirror.com/make-dir/-/make-dir-2.1.0.tgz}
    name: make-dir
    version: 2.1.0
    engines: {node: '>=6'}
    requiresBuild: true
    dependencies:
      pify: registry.npmmirror.com/pify/4.0.1
      semver: registry.npmmirror.com/semver/5.7.1
    dev: true
    optional: true

  registry.npmmirror.com/mime/1.6.0:
    resolution: {integrity: sha512-x0Vn8spI+wuJ1O6S7gnbaQg8Pxh4NNHb7KSINmEWKiPE4RKOplvijn+NkmYmmRgP68mc70j2EbeTFRsrswaQeg==, registry: https://packages.aliyun.com/5f03f1e999f4b36b178463a3/npm/npm-registry/, tarball: https://registry.npmmirror.com/mime/-/mime-1.6.0.tgz}
    name: mime
    version: 1.6.0
    engines: {node: '>=4'}
    hasBin: true
    requiresBuild: true
    dev: true
    optional: true

  registry.npmmirror.com/mitt/3.0.0:
    resolution: {integrity: sha512-7dX2/10ITVyqh4aOSVI9gdape+t9l2/8QxHrFmUXu4EEUpdlxl6RudZUPZoc+zuY2hk1j7XxVroIVIan/pD/SQ==, registry: https://packages.aliyun.com/5f03f1e999f4b36b178463a3/npm/npm-registry/, tarball: https://registry.npmmirror.com/mitt/-/mitt-3.0.0.tgz}
    name: mitt
    version: 3.0.0
    dev: false

  registry.npmmirror.com/ms/2.1.3:
    resolution: {integrity: sha512-6FlzubTLZG3J2a/NVCAleEhjzq5oxgHyaCU9yYXvcLsvoVaHJq/s5xXI6/XXP6tz7R9xAOtHnSO/tXtF3WRTlA==, registry: https://packages.aliyun.com/5f03f1e999f4b36b178463a3/npm/npm-registry/, tarball: https://registry.npmmirror.com/ms/-/ms-2.1.3.tgz}
    name: ms
    version: 2.1.3
    dev: true
    optional: true

  registry.npmmirror.com/nanoid/3.3.4:
    resolution: {integrity: sha512-MqBkQh/OHTS2egovRtLk45wEyNXwF+cokD+1YPf9u5VfJiRdAiRwB2froX5Co9Rh20xs4siNPm8naNotSD6RBw==, registry: https://packages.aliyun.com/5f03f1e999f4b36b178463a3/npm/npm-registry/, tarball: https://registry.npmmirror.com/nanoid/-/nanoid-3.3.4.tgz}
    name: nanoid
    version: 3.3.4
    engines: {node: ^10 || ^12 || ^13.7 || ^14 || >=15.0.1}
    hasBin: true

  registry.npmmirror.com/needle/2.9.1:
    resolution: {integrity: sha512-6R9fqJ5Zcmf+uYaFgdIHmLwNldn5HbK8L5ybn7Uz+ylX/rnOsSp1AHcvQSrCaFN+qNM1wpymHqD7mVasEOlHGQ==, registry: https://packages.aliyun.com/5f03f1e999f4b36b178463a3/npm/npm-registry/, tarball: https://registry.npmmirror.com/needle/-/needle-2.9.1.tgz}
    name: needle
    version: 2.9.1
    engines: {node: '>= 4.4.x'}
    hasBin: true
    requiresBuild: true
    dependencies:
      debug: registry.npmmirror.com/debug/3.2.7
      iconv-lite: registry.npmmirror.com/iconv-lite/0.4.24
      sax: registry.npmmirror.com/sax/1.2.4
    transitivePeerDependencies:
      - supports-color
    dev: true
    optional: true

  registry.npmmirror.com/parse-node-version/1.0.1:
    resolution: {integrity: sha512-3YHlOa/JgH6Mnpr05jP9eDG254US9ek25LyIxZlDItp2iJtwyaXQb57lBYLdT3MowkUFYEV2XXNAYIPlESvJlA==, registry: https://packages.aliyun.com/5f03f1e999f4b36b178463a3/npm/npm-registry/, tarball: https://registry.npmmirror.com/parse-node-version/-/parse-node-version-1.0.1.tgz}
    name: parse-node-version
    version: 1.0.1
    engines: {node: '>= 0.10'}
    dev: true

  registry.npmmirror.com/path-parse/1.0.7:
    resolution: {integrity: sha512-LDJzPVEEEPR+y48z93A0Ed0yXb8pAByGWo/k5YYdYgpY2/2EsOsksJrq7lOHxryrVOn1ejG6oAp8ahvOIQD8sw==, registry: https://packages.aliyun.com/5f03f1e999f4b36b178463a3/npm/npm-registry/, tarball: https://registry.npmmirror.com/path-parse/-/path-parse-1.0.7.tgz}
    name: path-parse
    version: 1.0.7

  registry.npmmirror.com/picocolors/1.0.0:
    resolution: {integrity: sha512-1fygroTLlHu66zi26VoTDv8yRgm0Fccecssto+MhsZ0D/DGW2sm8E8AjW7NU5VVTRt5GxbeZ5qBuJr+HyLYkjQ==, registry: https://packages.aliyun.com/5f03f1e999f4b36b178463a3/npm/npm-registry/, tarball: https://registry.npmmirror.com/picocolors/-/picocolors-1.0.0.tgz}
    name: picocolors
    version: 1.0.0

  registry.npmmirror.com/picomatch/2.3.1:
    resolution: {integrity: sha512-JU3teHTNjmE2VCGFzuY8EXzCDVwEqB2a8fsIvwaStHhAWJEeVd1o1QD80CU6+ZdEXXSLbSsuLwJjkCBWqRQUVA==, registry: https://packages.aliyun.com/5f03f1e999f4b36b178463a3/npm/npm-registry/, tarball: https://registry.npmmirror.com/picomatch/-/picomatch-2.3.1.tgz}
    name: picomatch
    version: 2.3.1
    engines: {node: '>=8.6'}
    dev: false

  registry.npmmirror.com/pify/4.0.1:
    resolution: {integrity: sha512-uB80kBFb/tfd68bVleG9T5GGsGPjJrLAUpR5PZIrhBnIaRTQRjqdJSsIKkOP6OAIFbj7GOrcudc5pNjZ+geV2g==, registry: https://packages.aliyun.com/5f03f1e999f4b36b178463a3/npm/npm-registry/, tarball: https://registry.npmmirror.com/pify/-/pify-4.0.1.tgz}
    name: pify
    version: 4.0.1
    engines: {node: '>=6'}
    dev: true
    optional: true

  registry.npmmirror.com/postcss/8.4.17:
    resolution: {integrity: sha512-UNxNOLQydcOFi41yHNMcKRZ39NeXlr8AxGuZJsdub8vIb12fHzcq37DTU/QtbI6WLxNg2gF9Z+8qtRwTj1UI1Q==, registry: https://packages.aliyun.com/5f03f1e999f4b36b178463a3/npm/npm-registry/, tarball: https://registry.npmmirror.com/postcss/-/postcss-8.4.17.tgz}
    name: postcss
    version: 8.4.17
    engines: {node: ^10 || ^12 || >=14}
    dependencies:
      nanoid: registry.npmmirror.com/nanoid/3.3.4
      picocolors: registry.npmmirror.com/picocolors/1.0.0
      source-map-js: registry.npmmirror.com/source-map-js/1.0.2

  registry.npmmirror.com/prr/1.0.1:
    resolution: {integrity: sha512-yPw4Sng1gWghHQWj0B3ZggWUm4qVbPwPFcRG8KyxiU7J2OHFSoEHKS+EZ3fv5l1t9CyCiop6l/ZYeWbrgoQejw==, registry: https://packages.aliyun.com/5f03f1e999f4b36b178463a3/npm/npm-registry/, tarball: https://registry.npmmirror.com/prr/-/prr-1.0.1.tgz}
    name: prr
    version: 1.0.1
    dev: true
    optional: true

  registry.npmmirror.com/resolve/1.22.1:
    resolution: {integrity: sha512-nBpuuYuY5jFsli/JIs1oldw6fOQCBioohqWZg/2hiaOybXOft4lonv85uDOKXdf8rhyK159cxU5cDcK/NKk8zw==, registry: https://packages.aliyun.com/5f03f1e999f4b36b178463a3/npm/npm-registry/, tarball: https://registry.npmmirror.com/resolve/-/resolve-1.22.1.tgz}
    name: resolve
    version: 1.22.1
    hasBin: true
    dependencies:
      is-core-module: registry.npmmirror.com/is-core-module/2.10.0
      path-parse: registry.npmmirror.com/path-parse/1.0.7
      supports-preserve-symlinks-flag: registry.npmmirror.com/supports-preserve-symlinks-flag/1.0.0

  registry.npmmirror.com/rollup-plugin-commonjs/10.1.0:
    resolution: {integrity: sha512-jlXbjZSQg8EIeAAvepNwhJj++qJWNJw1Cl0YnOqKtP5Djx+fFGkp3WRh+W0ASCaFG5w1jhmzDxgu3SJuVxPF4Q==, registry: https://packages.aliyun.com/5f03f1e999f4b36b178463a3/npm/npm-registry/, tarball: https://registry.npmmirror.com/rollup-plugin-commonjs/-/rollup-plugin-commonjs-10.1.0.tgz}
    name: rollup-plugin-commonjs
    version: 10.1.0
    dependencies:
      estree-walker: registry.npmmirror.com/estree-walker/0.6.1
      is-reference: registry.npmmirror.com/is-reference/1.2.1
      magic-string: registry.npmmirror.com/magic-string/0.25.9
      resolve: registry.npmmirror.com/resolve/1.22.1
      rollup-pluginutils: registry.npmmirror.com/rollup-pluginutils/2.8.2
    dev: false

  registry.npmmirror.com/rollup-plugin-external-globals/0.6.1:
    resolution: {integrity: sha512-mlp3KNa5sE4Sp9UUR2rjBrxjG79OyZAh/QC18RHIjM+iYkbBwNXSo8DHRMZWtzJTrH8GxQ+SJvCTN3i14uMXIA==, registry: https://packages.aliyun.com/5f03f1e999f4b36b178463a3/npm/npm-registry/, tarball: https://registry.npmmirror.com/rollup-plugin-external-globals/-/rollup-plugin-external-globals-0.6.1.tgz}
    name: rollup-plugin-external-globals
    version: 0.6.1
    peerDependencies:
      rollup: ^2.25.0
    dependencies:
      '@rollup/pluginutils': registry.npmmirror.com/@rollup/pluginutils/4.2.1
      estree-walker: registry.npmmirror.com/estree-walker/2.0.2
      is-reference: registry.npmmirror.com/is-reference/1.2.1
      magic-string: registry.npmmirror.com/magic-string/0.25.9
    dev: false

  registry.npmmirror.com/rollup-pluginutils/2.8.2:
    resolution: {integrity: sha512-EEp9NhnUkwY8aif6bxgovPHMoMoNr2FulJziTndpt5H9RdwC47GSGuII9XxpSdzVGM0GWrNPHV6ie1LTNJPaLQ==, registry: https://packages.aliyun.com/5f03f1e999f4b36b178463a3/npm/npm-registry/, tarball: https://registry.npmmirror.com/rollup-pluginutils/-/rollup-pluginutils-2.8.2.tgz}
    name: rollup-pluginutils
    version: 2.8.2
    dependencies:
      estree-walker: registry.npmmirror.com/estree-walker/0.6.1
    dev: false

  registry.npmmirror.com/rollup/2.77.3:
    resolution: {integrity: sha512-/qxNTG7FbmefJWoeeYJFbHehJ2HNWnjkAFRKzWN/45eNBBF/r8lo992CwcJXEzyVxs5FmfId+vTSTQDb+bxA+g==, registry: https://packages.aliyun.com/5f03f1e999f4b36b178463a3/npm/npm-registry/, tarball: https://registry.npmmirror.com/rollup/-/rollup-2.77.3.tgz}
    name: rollup
    version: 2.77.3
    engines: {node: '>=10.0.0'}
    hasBin: true
    optionalDependencies:
      fsevents: registry.npmmirror.com/fsevents/2.3.2
    dev: true

  registry.npmmirror.com/safer-buffer/2.1.2:
    resolution: {integrity: sha512-YZo3K82SD7Riyi0E1EQPojLz7kpepnSQI9IyPbHHg1XXXevb5dJI7tpyN2ADxGcQbHG7vcyRHk0cbwqcQriUtg==, registry: https://packages.aliyun.com/5f03f1e999f4b36b178463a3/npm/npm-registry/, tarball: https://registry.npmmirror.com/safer-buffer/-/safer-buffer-2.1.2.tgz}
    name: safer-buffer
    version: 2.1.2
    dev: true
    optional: true

  registry.npmmirror.com/sax/1.2.4:
    resolution: {integrity: sha512-NqVDv9TpANUjFm0N8uM5GxL36UgKi9/atZw+x7YFnQ8ckwFGKrl4xX4yWtrey3UJm5nP1kUbnYgLopqWNSRhWw==, registry: https://packages.aliyun.com/5f03f1e999f4b36b178463a3/npm/npm-registry/, tarball: https://registry.npmmirror.com/sax/-/sax-1.2.4.tgz}
    name: sax
    version: 1.2.4
    dev: true
    optional: true

  registry.npmmirror.com/semver/5.7.1:
    resolution: {integrity: sha512-sauaDf/PZdVgrLTNYHRtpXa1iRiKcaebiKQ1BJdpQlWH2lCvexQdX55snPFyK7QzpudqbCI0qXFfOasHdyNDGQ==, registry: https://packages.aliyun.com/5f03f1e999f4b36b178463a3/npm/npm-registry/, tarball: https://registry.npmmirror.com/semver/-/semver-5.7.1.tgz}
    name: semver
    version: 5.7.1
    hasBin: true
    dev: true
    optional: true

  registry.npmmirror.com/source-map-js/1.0.2:
    resolution: {integrity: sha512-R0XvVJ9WusLiqTCEiGCmICCMplcCkIwwR11mOSD9CR5u+IXYdiseeEuXCVAjS54zqwkLcPNnmU4OeJ6tUrWhDw==, registry: https://packages.aliyun.com/5f03f1e999f4b36b178463a3/npm/npm-registry/, tarball: https://registry.npmmirror.com/source-map-js/-/source-map-js-1.0.2.tgz}
    name: source-map-js
    version: 1.0.2
    engines: {node: '>=0.10.0'}

  registry.npmmirror.com/source-map/0.6.1:
    resolution: {integrity: sha512-UjgapumWlbMhkBgzT7Ykc5YXUT46F0iKu8SGXq0bcwP5dz/h0Plj6enJqjz1Zbq2l5WaqYnrVbwWOWMyF3F47g==, registry: https://packages.aliyun.com/5f03f1e999f4b36b178463a3/npm/npm-registry/, tarball: https://registry.npmmirror.com/source-map/-/source-map-0.6.1.tgz}
    name: source-map
    version: 0.6.1
    engines: {node: '>=0.10.0'}

  registry.npmmirror.com/sourcemap-codec/1.4.8:
    resolution: {integrity: sha512-9NykojV5Uih4lgo5So5dtw+f0JgJX30KCNI8gwhz2J9A15wD0Ml6tjHKwf6fTSa6fAdVBdZeNOs9eJ71qCk8vA==, registry: https://packages.aliyun.com/5f03f1e999f4b36b178463a3/npm/npm-registry/, tarball: https://registry.npmmirror.com/sourcemap-codec/-/sourcemap-codec-1.4.8.tgz}
    name: sourcemap-codec
    version: 1.4.8

  registry.npmmirror.com/supports-preserve-symlinks-flag/1.0.0:
    resolution: {integrity: sha512-ot0WnXS9fgdkgIcePe6RHNk1WA8+muPa6cSjeR3V8K27q9BB1rTE3R1p7Hv0z1ZyAc8s6Vvv8DIyWf681MAt0w==, registry: https://packages.aliyun.com/5f03f1e999f4b36b178463a3/npm/npm-registry/, tarball: https://registry.npmmirror.com/supports-preserve-symlinks-flag/-/supports-preserve-symlinks-flag-1.0.0.tgz}
    name: supports-preserve-symlinks-flag
    version: 1.0.0
    engines: {node: '>= 0.4'}

  registry.npmmirror.com/to-fast-properties/2.0.0:
    resolution: {integrity: sha512-/OaKK0xYrs3DmxRYqL/yDc+FxFUVYhDlXMhRmv3z915w2HF1tnN1omB354j8VUGO/hbRzyD6Y3sA7v7GS/ceog==, registry: https://packages.aliyun.com/5f03f1e999f4b36b178463a3/npm/npm-registry/, tarball: https://registry.npmmirror.com/to-fast-properties/-/to-fast-properties-2.0.0.tgz}
    name: to-fast-properties
    version: 2.0.0
    engines: {node: '>=4'}

  registry.npmmirror.com/tslib/1.14.1:
    resolution: {integrity: sha512-Xni35NKzjgMrwevysHTCArtLDpPvye8zV/0E4EyYn43P7/7qvQwPh9BGkHewbMulVntbigmcT7rdX3BNo9wRJg==, registry: https://packages.aliyun.com/5f03f1e999f4b36b178463a3/npm/npm-registry/, tarball: https://registry.npmmirror.com/tslib/-/tslib-1.14.1.tgz}
    name: tslib
    version: 1.14.1
    dev: true

  registry.npmmirror.com/vite/2.9.15_less@4.1.1:
    resolution: {integrity: sha512-fzMt2jK4vQ3yK56te3Kqpkaeq9DkcZfBbzHwYpobasvgYmP2SoAr6Aic05CsB4CzCZbsDv4sujX3pkEGhLabVQ==, registry: https://packages.aliyun.com/5f03f1e999f4b36b178463a3/npm/npm-registry/, tarball: https://registry.npmmirror.com/vite/-/vite-2.9.15.tgz}
    id: registry.npmmirror.com/vite/2.9.15
    name: vite
    version: 2.9.15
    engines: {node: '>=12.2.0'}
    hasBin: true
    peerDependencies:
      less: '*'
      sass: '*'
      stylus: '*'
    peerDependenciesMeta:
      less:
        optional: true
      sass:
        optional: true
      stylus:
        optional: true
    dependencies:
      esbuild: registry.npmmirror.com/esbuild/0.14.54
      less: registry.npmmirror.com/less/4.1.1
      postcss: registry.npmmirror.com/postcss/8.4.17
      resolve: registry.npmmirror.com/resolve/1.22.1
      rollup: registry.npmmirror.com/rollup/2.77.3
    optionalDependencies:
      fsevents: registry.npmmirror.com/fsevents/2.3.2
    dev: true

  registry.npmmirror.com/vue/3.2.40:
    resolution: {integrity: sha512-1mGHulzUbl2Nk3pfvI5aXYYyJUs1nm4kyvuz38u4xlQkLUn1i2R7nDbI4TufECmY8v1qNBHYy62bCaM+3cHP2A==, registry: https://packages.aliyun.com/5f03f1e999f4b36b178463a3/npm/npm-registry/, tarball: https://registry.npmmirror.com/vue/-/vue-3.2.40.tgz}
    name: vue
    version: 3.2.40
    dependencies:
      '@vue/compiler-dom': registry.npmmirror.com/@vue/compiler-dom/3.2.40
      '@vue/compiler-sfc': registry.npmmirror.com/@vue/compiler-sfc/3.2.40
      '@vue/runtime-dom': registry.npmmirror.com/@vue/runtime-dom/3.2.40
      '@vue/server-renderer': registry.npmmirror.com/@vue/server-renderer/3.2.40_vue@3.2.40
      '@vue/shared': registry.npmmirror.com/@vue/shared/3.2.40
